
Microsoft Visual Studio Solution File, Format Version 12.00
# Visual Studio Version 16
VisualStudioVersion = 16.0.29613.14
MinimumVisualStudioVersion = 10.0.40219.1
Project("{FAE04EC0-301F-11D3-BF4B-00C04F79EFBC}") = "LoadCheck", "LoadCheck\LoadCheck.csproj", "{AD9BF5B1-4A55-49FB-BCD1-6351138CD506}"
EndProject
Project("{9A19103F-16F7-4668-BE54-9A1E7A4F7556}") = "LoadCheck.Core", "LoadCheck.Core\LoadCheck.Core.csproj", "{DD00B1ED-C9EC-4702-AC48-59E48EFE2E07}"
EndProject
Project("{FAE04EC0-301F-11D3-BF4B-00C04F79EFBC}") = "LoadCheck.Application", "LoadCheck.Application\LoadCheck.Application.csproj", "{7CB0E04A-0AEF-4300-8F1E-EEA5B6B3CEFA}"
EndProject
Project("{FAE04EC0-301F-11D3-BF4B-00C04F79EFBC}") = "LoadCheck.Infrastructure", "LoadCheck.Infrastructure\LoadCheck.Infrastructure.csproj", "{97D70191-3F3B-4289-AE7E-5CE81F876C8A}"
EndProject
Global
	GlobalSection(SolutionConfigurationPlatforms) = preSolution
		Debug|Any CPU = Debug|Any CPU
		Release|Any CPU = Release|Any CPU
	EndGlobalSection
	GlobalSection(ProjectConfigurationPlatforms) = postSolution
		{AD9BF5B1-4A55-49FB-BCD1-6351138CD506}.Debug|Any CPU.ActiveCfg = Debug|Any CPU
		{AD9BF5B1-4A55-49FB-BCD1-6351138CD506}.Debug|Any CPU.Build.0 = Debug|Any CPU
		{AD9BF5B1-4A55-49FB-BCD1-6351138CD506}.Release|Any CPU.ActiveCfg = Release|Any CPU
		{AD9BF5B1-4A55-49FB-BCD1-6351138CD506}.Release|Any CPU.Build.0 = Release|Any CPU
		{DD00B1ED-C9EC-4702-AC48-59E48EFE2E07}.Debug|Any CPU.ActiveCfg = Debug|Any CPU
		{DD00B1ED-C9EC-4702-AC48-59E48EFE2E07}.Debug|Any CPU.Build.0 = Debug|Any CPU
		{DD00B1ED-C9EC-4702-AC48-59E48EFE2E07}.Release|Any CPU.ActiveCfg = Release|Any CPU
		{DD00B1ED-C9EC-4702-AC48-59E48EFE2E07}.Release|Any CPU.Build.0 = Release|Any CPU
		{7CB0E04A-0AEF-4300-8F1E-EEA5B6B3CEFA}.Debug|Any CPU.ActiveCfg = Debug|Any CPU
		{7CB0E04A-0AEF-4300-8F1E-EEA5B6B3CEFA}.Debug|Any CPU.Build.0 = Debug|Any CPU
		{7CB0E04A-0AEF-4300-8F1E-EEA5B6B3CEFA}.Release|Any CPU.ActiveCfg = Release|Any CPU
		{7CB0E04A-0AEF-4300-8F1E-EEA5B6B3CEFA}.Release|Any CPU.Build.0 = Release|Any CPU
		{97D70191-3F3B-4289-AE7E-5CE81F876C8A}.Debug|Any CPU.ActiveCfg = Debug|Any CPU
		{97D70191-3F3B-4289-AE7E-5CE81F876C8A}.Debug|Any CPU.Build.0 = Debug|Any CPU
		{97D70191-3F3B-4289-AE7E-5CE81F876C8A}.Release|Any CPU.ActiveCfg = Release|Any CPU
		{97D70191-3F3B-4289-AE7E-5CE81F876C8A}.Release|Any CPU.Build.0 = Release|Any CPU
	EndGlobalSection
	GlobalSection(SolutionProperties) = preSolution
		HideSolutionNode = FALSE
	EndGlobalSection
	GlobalSection(ExtensibilityGlobals) = postSolution
		SolutionGuid = {4B5A31BF-25F7-4C0E-8682-0F60B8BAC743}
	EndGlobalSection
EndGlobal
